{
    "version": 3,
    "terraform_version": "0.11.13",
    "serial": 14,
    "lineage": "cbce1303-73ad-807f-2a3c-0ff3f8aa7b7b",
    "modules": [
        {
            "path": [
                "root"
            ],
            "outputs": {},
            "resources": {
                "google_cloudiot_registry.default-registry": {
                    "type": "google_cloudiot_registry",
                    "depends_on": [
                        "google_pubsub_topic.default-devicestatus",
                        "google_pubsub_topic.default-telemetry"
                    ],
                    "primary": {
                        "id": "projects/aerial-passage-248314/locations/us-central1/registries/default-registry",
                        "attributes": {
                            "credentials.#": "0",
                            "event_notification_config.%": "1",
                            "event_notification_config.pubsub_topic_name": "projects/aerial-passage-248314/topics/default-telemetry",
                            "http_config.%": "1",
                            "http_config.http_enabled_state": "HTTP_ENABLED",
                            "id": "projects/aerial-passage-248314/locations/us-central1/registries/default-registry",
                            "mqtt_config.%": "1",
                            "mqtt_config.mqtt_enabled_state": "MQTT_ENABLED",
                            "name": "default-registry",
                            "project": "aerial-passage-248314",
                            "region": "us-central1",
                            "state_notification_config.%": "1",
                            "state_notification_config.pubsub_topic_name": "projects/aerial-passage-248314/topics/default-devicestatus"
                        },
                        "meta": {},
                        "tainted": false
                    },
                    "deposed": [],
                    "provider": "provider.google"
                },
                "google_compute_firewall.default": {
                    "type": "google_compute_firewall",
                    "depends_on": [
                        "google_compute_network.default"
                    ],
                    "primary": {
                        "id": "test2-firewall",
                        "attributes": {
                            "allow.#": "2",
                            "allow.1367131964.ports.#": "0",
                            "allow.1367131964.protocol": "icmp",
                            "allow.4015617801.ports.#": "3",
                            "allow.4015617801.ports.0": "80",
                            "allow.4015617801.ports.1": "8080",
                            "allow.4015617801.ports.2": "1000-2000",
                            "allow.4015617801.protocol": "tcp",
                            "creation_timestamp": "2019-08-29T11:46:25.561-07:00",
                            "deny.#": "0",
                            "description": "",
                            "destination_ranges.#": "0",
                            "direction": "INGRESS",
                            "disabled": "false",
                            "id": "test2-firewall",
                            "name": "test2-firewall",
                            "network": "https://www.googleapis.com/compute/v1/projects/aerial-passage-248314/global/networks/test-network2",
                            "priority": "1000",
                            "project": "aerial-passage-248314",
                            "self_link": "https://www.googleapis.com/compute/v1/projects/aerial-passage-248314/global/firewalls/test2-firewall",
                            "source_ranges.#": "0",
                            "source_service_accounts.#": "0",
                            "source_tags.#": "1",
                            "source_tags.365508689": "web",
                            "target_service_accounts.#": "0",
                            "target_tags.#": "0"
                        },
                        "meta": {
                            "e2bfb730-ecaa-11e6-8f88-34363bc7c4c0": {
                                "create": 240000000000,
                                "delete": 240000000000,
                                "update": 240000000000
                            },
                            "schema_version": "1"
                        },
                        "tainted": false
                    },
                    "deposed": [],
                    "provider": "provider.google"
                },
                "google_compute_network.default": {
                    "type": "google_compute_network",
                    "depends_on": [],
                    "primary": {
                        "id": "test-network2",
                        "attributes": {
                            "auto_create_subnetworks": "true",
                            "delete_default_routes_on_create": "false",
                            "description": "",
                            "gateway_ipv4": "",
                            "id": "test-network2",
                            "ipv4_range": "",
                            "name": "test-network2",
                            "project": "aerial-passage-248314",
                            "routing_mode": "REGIONAL",
                            "self_link": "https://www.googleapis.com/compute/v1/projects/aerial-passage-248314/global/networks/test-network2"
                        },
                        "meta": {
                            "e2bfb730-ecaa-11e6-8f88-34363bc7c4c0": {
                                "create": 240000000000,
                                "delete": 240000000000,
                                "update": 240000000000
                            }
                        },
                        "tainted": false
                    },
                    "deposed": [],
                    "provider": "provider.google"
                },
                "google_compute_network.vpc_network": {
                    "type": "google_compute_network",
                    "depends_on": [],
                    "primary": {
                        "id": "vpc-network-test",
                        "attributes": {
                            "auto_create_subnetworks": "false",
                            "delete_default_routes_on_create": "false",
                            "description": "",
                            "gateway_ipv4": "192.168.0.1",
                            "id": "vpc-network-test",
                            "ipv4_range": "192.168.0.0/24",
                            "name": "vpc-network-test",
                            "project": "aerial-passage-248314",
                            "routing_mode": "REGIONAL",
                            "self_link": "https://www.googleapis.com/compute/v1/projects/aerial-passage-248314/global/networks/vpc-network-test"
                        },
                        "meta": {
                            "e2bfb730-ecaa-11e6-8f88-34363bc7c4c0": {
                                "create": 240000000000,
                                "delete": 240000000000,
                                "update": 240000000000
                            }
                        },
                        "tainted": false
                    },
                    "deposed": [],
                    "provider": "provider.google"
                },
                "google_pubsub_topic.default-devicestatus": {
                    "type": "google_pubsub_topic",
                    "depends_on": [],
                    "primary": {
                        "id": "projects/aerial-passage-248314/topics/default-devicestatus",
                        "attributes": {
                            "id": "projects/aerial-passage-248314/topics/default-devicestatus",
                            "kms_key_name": "",
                            "labels.%": "0",
                            "message_storage_policy.#": "0",
                            "name": "default-devicestatus",
                            "project": "aerial-passage-248314"
                        },
                        "meta": {
                            "e2bfb730-ecaa-11e6-8f88-34363bc7c4c0": {
                                "create": 240000000000,
                                "delete": 240000000000,
                                "update": 240000000000
                            }
                        },
                        "tainted": false
                    },
                    "deposed": [],
                    "provider": "provider.google"
                },
                "google_pubsub_topic.default-telemetry": {
                    "type": "google_pubsub_topic",
                    "depends_on": [],
                    "primary": {
                        "id": "projects/aerial-passage-248314/topics/default-telemetry",
                        "attributes": {
                            "id": "projects/aerial-passage-248314/topics/default-telemetry",
                            "kms_key_name": "",
                            "labels.%": "0",
                            "message_storage_policy.#": "0",
                            "name": "default-telemetry",
                            "project": "aerial-passage-248314"
                        },
                        "meta": {
                            "e2bfb730-ecaa-11e6-8f88-34363bc7c4c0": {
                                "create": 240000000000,
                                "delete": 240000000000,
                                "update": 240000000000
                            }
                        },
                        "tainted": false
                    },
                    "deposed": [],
                    "provider": "provider.google"
                },
                "google_sql_database_instance.master": {
                    "type": "google_sql_database_instance",
                    "depends_on": [
                        "random_id.db_name_suffix"
                    ],
                    "primary": {
                        "id": "master-instance-e39b9378",
                        "attributes": {
                            "connection_name": "aerial-passage-248314:master-instance-e39b9378",
                            "database_version": "MYSQL_5_6",
                            "id": "master-instance-e39b9378",
                            "ip_address.#": "0",
                            "master_instance_name": "",
                            "name": "master-instance-e39b9378",
                            "private_ip_address": "",
                            "project": "aerial-passage-248314",
                            "public_ip_address": "",
                            "region": "us-central",
                            "replica_configuration.#": "0",
                            "self_link": "https://www.googleapis.com/sql/v1beta4/projects/aerial-passage-248314/instances/master-instance-e39b9378",
                            "server_ca_cert.#": "1",
                            "server_ca_cert.0.cert": "-----BEGIN CERTIFICATE-----\nMIIDfzCCAmegAwIBAgIBADANBgkqhkiG9w0BAQsFADB3MS0wKwYDVQQuEyQyZTgx\nODM0MC0zOWJhLTQ4MTAtYmI1MC0wZWE2NjBkYzMyZGExIzAhBgNVBAMTGkdvb2ds\nZSBDbG91ZCBTUUwgU2VydmVyIENBMRQwEgYDVQQKEwtHb29nbGUsIEluYzELMAkG\nA1UEBhMCVVMwHhcNMTkwODI5MTgzMjA2WhcNMjkwODI2MTgzMzA2WjB3MS0wKwYD\nVQQuEyQyZTgxODM0MC0zOWJhLTQ4MTAtYmI1MC0wZWE2NjBkYzMyZGExIzAhBgNV\nBAMTGkdvb2dsZSBDbG91ZCBTUUwgU2VydmVyIENBMRQwEgYDVQQKEwtHb29nbGUs\nIEluYzELMAkGA1UEBhMCVVMwggEiMA0GCSqGSIb3DQEBAQUAA4IBDwAwggEKAoIB\nAQCBZgvYM1Gt1mA8gK40IAakM69BqIraZDA3AKLQrQgAszZjQ8DuCkIsuAMyFXTO\n1XX6SgPkk63de7wTKpyyN4HuwABaZ/zGNnT6suCQwSrYWYQa92zodVr/TMEnwchH\nM86cZO0AAQKCl6tVETNLGLqrX5ESU+aRxcrM6ZF8uOZoreojd59fb2FLOwJ3Z6DD\nSJUdP+TT/VUlIwfi8kyd+Gyud+7cyAfuClctHvr8hU0GriNcrt/JfvXU4eb6f9jk\na5qCBNdYxFduFNWEBkxtZykccOBas+Gyt333w1+pzM+iB1I+eF55M/0ETX6Qm4FH\nxpU4SDElnt/aPTCINVfVlFixAgMBAAGjFjAUMBIGA1UdEwEB/wQIMAYBAf8CAQAw\nDQYJKoZIhvcNAQELBQADggEBABh9HBf2mvJQDeDpdPCX0d/xikHQC/n/t7peCz8C\naXnLFCCwQbraw7nidz87BbI/B1uPmr1nbR4ClbJwI1lf+LTOJMduDqTnWQ9ajD2A\nVATJ5oGQmUJ59qOPjQ07GH93lnS/+uriGyc7/STA8L85fU5L+L9JLggpGggumZ66\nd6EqIm0x76JEKQKmh/EorGimwMIi2YNJoLi4vb49sy1dPdfLvCo7G/PyhQsltdcs\nXonmAHsy6x3qI/vxxz2EYRlTxI3JhCkPGhaU4YEJKaIyDJGcbFBkVi5U+yKc2TOv\nT8mrmhrG9QYmqzKW/Q0q8xzr0ne+4/5KJlSBvorgWFlHqnI=\n-----END CERTIFICATE-----",
                            "server_ca_cert.0.common_name": "C=US,O=Google\\, Inc,CN=Google Cloud SQL Server CA,dnQualifier=2e818340-39ba-4810-bb50-0ea660dc32da",
                            "server_ca_cert.0.create_time": "2019-08-29T18:32:06.648Z",
                            "server_ca_cert.0.expiration_time": "2029-08-26T18:33:06.648Z",
                            "server_ca_cert.0.sha1_fingerprint": "85038a89e58c2009fb78367f7fec7265ce9648f7",
                            "service_account_email_address": "",
                            "settings.#": "1",
                            "settings.0.activation_policy": "ON_DEMAND",
                            "settings.0.authorized_gae_applications.#": "0",
                            "settings.0.availability_type": "",
                            "settings.0.backup_configuration.#": "1",
                            "settings.0.backup_configuration.0.binary_log_enabled": "false",
                            "settings.0.backup_configuration.0.enabled": "false",
                            "settings.0.backup_configuration.0.start_time": "02:00",
                            "settings.0.crash_safe_replication": "false",
                            "settings.0.database_flags.#": "0",
                            "settings.0.disk_autoresize": "false",
                            "settings.0.disk_size": "0",
                            "settings.0.disk_type": "",
                            "settings.0.ip_configuration.#": "1",
                            "settings.0.ip_configuration.0.authorized_networks.#": "0",
                            "settings.0.ip_configuration.0.ipv4_enabled": "false",
                            "settings.0.ip_configuration.0.private_network": "",
                            "settings.0.ip_configuration.0.require_ssl": "false",
                            "settings.0.location_preference.#": "0",
                            "settings.0.maintenance_window.#": "0",
                            "settings.0.pricing_plan": "PER_USE",
                            "settings.0.replication_type": "SYNCHRONOUS",
                            "settings.0.tier": "D0",
                            "settings.0.user_labels.%": "0",
                            "settings.0.version": "1"
                        },
                        "meta": {
                            "e2bfb730-ecaa-11e6-8f88-34363bc7c4c0": {
                                "create": 1200000000000,
                                "delete": 1200000000000,
                                "update": 1200000000000
                            }
                        },
                        "tainted": false
                    },
                    "deposed": [],
                    "provider": "provider.google"
                },
                "google_storage_bucket.image-store": {
                    "type": "google_storage_bucket",
                    "depends_on": [],
                    "primary": {
                        "id": "store-bucket",
                        "attributes": {
                            "bucket_policy_only": "false",
                            "cors.#": "0",
                            "encryption.#": "0",
                            "force_destroy": "false",
                            "id": "store-bucket",
                            "labels.%": "0",
                            "lifecycle_rule.#": "0",
                            "location": "US",
                            "logging.#": "0",
                            "name": "store-bucket",
                            "project": "aerial-passage-248314",
                            "requester_pays": "false",
                            "retention_policy.#": "0",
                            "self_link": "https://www.googleapis.com/storage/v1/b/store-bucket",
                            "storage_class": "STANDARD",
                            "url": "gs://store-bucket",
                            "versioning.#": "0",
                            "website.#": "1",
                            "website.0.main_page_suffix": "index.html",
                            "website.0.not_found_page": "404.html"
                        },
                        "meta": {},
                        "tainted": false
                    },
                    "deposed": [],
                    "provider": "provider.google"
                },
                "random_id.db_name_suffix": {
                    "type": "random_id",
                    "depends_on": [],
                    "primary": {
                        "id": "45uTeA",
                        "attributes": {
                            "b64": "45uTeA",
                            "b64_std": "45uTeA==",
                            "b64_url": "45uTeA",
                            "byte_length": "4",
                            "dec": "3818623864",
                            "hex": "e39b9378",
                            "id": "45uTeA"
                        },
                        "meta": {},
                        "tainted": false
                    },
                    "deposed": [],
                    "provider": "provider.random"
                }
            },
            "depends_on": []
        }
    ]
}
